
Microsoft Visual Studio Solution File, Format Version 12.00
# Visual Studio 15
Project("{FAE04EC0-301F-11D3-BF4B-00C04F79EFBC}") = "Assembly-CSharp", "Assembly-CSharp.csproj", "{256033B4-3D60-7EF7-2ABD-15A9EA7FF53C}"
EndProject
Project("{FAE04EC0-301F-11D3-BF4B-00C04F79EFBC}") = "Assembly-CSharp-Editor", "Assembly-CSharp-Editor.csproj", "{837FC1D6-5497-BE72-7BC6-36A78EAE8A46}"
EndProject
Global
	GlobalSection(SolutionConfigurationPlatforms) = preSolution
		Debug|Any CPU = Debug|Any CPU
		Release|Any CPU = Release|Any CPU
	EndGlobalSection
	GlobalSection(ProjectConfigurationPlatforms) = postSolution
		{256033B4-3D60-7EF7-2ABD-15A9EA7FF53C}.Debug|Any CPU.ActiveCfg = Debug|Any CPU
		{256033B4-3D60-7EF7-2ABD-15A9EA7FF53C}.Debug|Any CPU.Build.0 = Debug|Any CPU
		{256033B4-3D60-7EF7-2ABD-15A9EA7FF53C}.Release|Any CPU.ActiveCfg = Release|Any CPU
		{256033B4-3D60-7EF7-2ABD-15A9EA7FF53C}.Release|Any CPU.Build.0 = Release|Any CPU
		{837FC1D6-5497-BE72-7BC6-36A78EAE8A46}.Debug|Any CPU.ActiveCfg = Debug|Any CPU
		{837FC1D6-5497-BE72-7BC6-36A78EAE8A46}.Debug|Any CPU.Build.0 = Debug|Any CPU
		{837FC1D6-5497-BE72-7BC6-36A78EAE8A46}.Release|Any CPU.ActiveCfg = Release|Any CPU
		{837FC1D6-5497-BE72-7BC6-36A78EAE8A46}.Release|Any CPU.Build.0 = Release|Any CPU
	EndGlobalSection
	GlobalSection(SolutionProperties) = preSolution
		HideSolutionNode = FALSE
	EndGlobalSection
EndGlobal
